
Microsoft Visual Studio Solution File, Format Version 12.00
# Visual Studio Version 17
VisualStudioVersion = 17.1.32210.238
MinimumVisualStudioVersion = 10.0.40219.1
Project("{FAE04EC0-301F-11D3-BF4B-00C04F79EFBC}") = "MVC", "MVC.csproj", "{F7FB5870-D87D-4202-A05A-966EBF658FA0}"
EndProject
Global
	GlobalSection(SolutionConfigurationPlatforms) = preSolution
		Debug|Any CPU = Debug|Any CPU
		Release|Any CPU = Release|Any CPU
	EndGlobalSection
	GlobalSection(ProjectConfigurationPlatforms) = postSolution
		{F7FB5870-D87D-4202-A05A-966EBF658FA0}.Debug|Any CPU.ActiveCfg = Debug|Any CPU
		{F7FB5870-D87D-4202-A05A-966EBF658FA0}.Debug|Any CPU.Build.0 = Debug|Any CPU
		{F7FB5870-D87D-4202-A05A-966EBF658FA0}.Release|Any CPU.ActiveCfg = Release|Any CPU
		{F7FB5870-D87D-4202-A05A-966EBF658FA0}.Release|Any CPU.Build.0 = Release|Any CPU
	EndGlobalSection
	GlobalSection(SolutionProperties) = preSolution
		HideSolutionNode = FALSE
	EndGlobalSection
	GlobalSection(ExtensibilityGlobals) = postSolution
		SolutionGuid = {812FDA37-9EA8-4F8A-AC9D-DA45FF4DDC21}
	EndGlobalSection
EndGlobal
